// !$*UTF8*$!
{
	archiveVersion = 1;
	classes = {
	};
	objectVersion = 50;
	objects = {

/* Begin PBXBuildFile section */
		5F1C5F72225DAB0B00683058 /* AppDelegate.swift in Sources */ = {isa = PBXBuildFile; fileRef = 5F1C5F71225DAB0B00683058 /* AppDelegate.swift */; };
		5F1C5F74225DAB0B00683058 /* LandingViewController.swift in Sources */ = {isa = PBXBuildFile; fileRef = 5F1C5F73225DAB0B00683058 /* LandingViewController.swift */; };
		5F1C5F77225DAB0B00683058 /* Main.storyboard in Resources */ = {isa = PBXBuildFile; fileRef = 5F1C5F75225DAB0B00683058 /* Main.storyboard */; };
		5F1C5F79225DAB0D00683058 /* Assets.xcassets in Resources */ = {isa = PBXBuildFile; fileRef = 5F1C5F78225DAB0D00683058 /* Assets.xcassets */; };
		5F1C5F7C225DAB0D00683058 /* LaunchScreen.storyboard in Resources */ = {isa = PBXBuildFile; fileRef = 5F1C5F7A225DAB0D00683058 /* LaunchScreen.storyboard */; };
		5F1C5F87225DAB0E00683058 /* NYTTests.swift in Sources */ = {isa = PBXBuildFile; fileRef = 5F1C5F86225DAB0E00683058 /* NYTTests.swift */; };
		5F1C5F9D225DF83100683058 /* NetworkReachability.swift in Sources */ = {isa = PBXBuildFile; fileRef = 5F1C5F9C225DF83100683058 /* NetworkReachability.swift */; };
		5F1C5F9F225DF85600683058 /* Utility.swift in Sources */ = {isa = PBXBuildFile; fileRef = 5F1C5F9E225DF85600683058 /* Utility.swift */; };
		5F1C5FA1225DF9D200683058 /* ApiManager.swift in Sources */ = {isa = PBXBuildFile; fileRef = 5F1C5FA0225DF9D200683058 /* ApiManager.swift */; };
		5F1C5FA5225E000900683058 /* PopularArticlesModel.swift in Sources */ = {isa = PBXBuildFile; fileRef = 5F1C5FA4225E000900683058 /* PopularArticlesModel.swift */; };
		5F1C5FA7225E006F00683058 /* SearchArticlesModel.swift in Sources */ = {isa = PBXBuildFile; fileRef = 5F1C5FA6225E006F00683058 /* SearchArticlesModel.swift */; };
		5F1C5FA9225E040700683058 /* AppConstants.swift in Sources */ = {isa = PBXBuildFile; fileRef = 5F1C5FA8225E040700683058 /* AppConstants.swift */; };
		5F1C5FAB225ECECA00683058 /* ArticleListViewController.swift in Sources */ = {isa = PBXBuildFile; fileRef = 5F1C5FAA225ECECA00683058 /* ArticleListViewController.swift */; };
		5F1C5FAD225ED62D00683058 /* ArticleViewModel.swift in Sources */ = {isa = PBXBuildFile; fileRef = 5F1C5FAC225ED62D00683058 /* ArticleViewModel.swift */; };
		5F1C5FAF225EF1E900683058 /* SearchArticleViewController.swift in Sources */ = {isa = PBXBuildFile; fileRef = 5F1C5FAE225EF1E900683058 /* SearchArticleViewController.swift */; };
		5F1C5FB1225F05B500683058 /* SearchTableViewCell.swift in Sources */ = {isa = PBXBuildFile; fileRef = 5F1C5FB0225F05B500683058 /* SearchTableViewCell.swift */; };
/* End PBXBuildFile section */

/* Begin PBXContainerItemProxy section */
		5F1C5F83225DAB0E00683058 /* PBXContainerItemProxy */ = {
			isa = PBXContainerItemProxy;
			containerPortal = 5F1C5F66225DAB0B00683058 /* Project object */;
			proxyType = 1;
			remoteGlobalIDString = 5F1C5F6D225DAB0B00683058;
			remoteInfo = NYT;
		};
/* End PBXContainerItemProxy section */

/* Begin PBXFileReference section */
		5F1C5F6E225DAB0B00683058 /* NYT.app */ = {isa = PBXFileReference; explicitFileType = wrapper.application; includeInIndex = 0; path = NYT.app; sourceTree = BUILT_PRODUCTS_DIR; };
		5F1C5F71225DAB0B00683058 /* AppDelegate.swift */ = {isa = PBXFileReference; lastKnownFileType = sourcecode.swift; path = AppDelegate.swift; sourceTree = "<group>"; };
		5F1C5F73225DAB0B00683058 /* LandingViewController.swift */ = {isa = PBXFileReference; lastKnownFileType = sourcecode.swift; path = LandingViewController.swift; sourceTree = "<group>"; };
		5F1C5F76225DAB0B00683058 /* Base */ = {isa = PBXFileReference; lastKnownFileType = file.storyboard; name = Base; path = Base.lproj/Main.storyboard; sourceTree = "<group>"; };
		5F1C5F78225DAB0D00683058 /* Assets.xcassets */ = {isa = PBXFileReference; lastKnownFileType = folder.assetcatalog; path = Assets.xcassets; sourceTree = "<group>"; };
		5F1C5F7B225DAB0D00683058 /* Base */ = {isa = PBXFileReference; lastKnownFileType = file.storyboard; name = Base; path = Base.lproj/LaunchScreen.storyboard; sourceTree = "<group>"; };
		5F1C5F7D225DAB0D00683058 /* Info.plist */ = {isa = PBXFileReference; lastKnownFileType = text.plist.xml; path = Info.plist; sourceTree = "<group>"; };
		5F1C5F82225DAB0E00683058 /* NYTTests.xctest */ = {isa = PBXFileReference; explicitFileType = wrapper.cfbundle; includeInIndex = 0; path = NYTTests.xctest; sourceTree = BUILT_PRODUCTS_DIR; };
		5F1C5F86225DAB0E00683058 /* NYTTests.swift */ = {isa = PBXFileReference; lastKnownFileType = sourcecode.swift; path = NYTTests.swift; sourceTree = "<group>"; };
		5F1C5F88225DAB0E00683058 /* Info.plist */ = {isa = PBXFileReference; lastKnownFileType = text.plist.xml; path = Info.plist; sourceTree = "<group>"; };
		5F1C5F9C225DF83100683058 /* NetworkReachability.swift */ = {isa = PBXFileReference; lastKnownFileType = sourcecode.swift; path = NetworkReachability.swift; sourceTree = "<group>"; };
		5F1C5F9E225DF85600683058 /* Utility.swift */ = {isa = PBXFileReference; lastKnownFileType = sourcecode.swift; path = Utility.swift; sourceTree = "<group>"; };
		5F1C5FA0225DF9D200683058 /* ApiManager.swift */ = {isa = PBXFileReference; lastKnownFileType = sourcecode.swift; path = ApiManager.swift; sourceTree = "<group>"; };
		5F1C5FA4225E000900683058 /* PopularArticlesModel.swift */ = {isa = PBXFileReference; lastKnownFileType = sourcecode.swift; path = PopularArticlesModel.swift; sourceTree = "<group>"; };
		5F1C5FA6225E006F00683058 /* SearchArticlesModel.swift */ = {isa = PBXFileReference; lastKnownFileType = sourcecode.swift; path = SearchArticlesModel.swift; sourceTree = "<group>"; };
		5F1C5FA8225E040700683058 /* AppConstants.swift */ = {isa = PBXFileReference; lastKnownFileType = sourcecode.swift; path = AppConstants.swift; sourceTree = "<group>"; };
		5F1C5FAA225ECECA00683058 /* ArticleListViewController.swift */ = {isa = PBXFileReference; lastKnownFileType = sourcecode.swift; path = ArticleListViewController.swift; sourceTree = "<group>"; };
		5F1C5FAC225ED62D00683058 /* ArticleViewModel.swift */ = {isa = PBXFileReference; lastKnownFileType = sourcecode.swift; path = ArticleViewModel.swift; sourceTree = "<group>"; };
		5F1C5FAE225EF1E900683058 /* SearchArticleViewController.swift */ = {isa = PBXFileReference; lastKnownFileType = sourcecode.swift; path = SearchArticleViewController.swift; sourceTree = "<group>"; };
		5F1C5FB0225F05B500683058 /* SearchTableViewCell.swift */ = {isa = PBXFileReference; lastKnownFileType = sourcecode.swift; path = SearchTableViewCell.swift; sourceTree = "<group>"; };
/* End PBXFileReference section */

/* Begin PBXFrameworksBuildPhase section */
		5F1C5F6B225DAB0B00683058 /* Frameworks */ = {
			isa = PBXFrameworksBuildPhase;
			buildActionMask = 2147483647;
			files = (
			);
			runOnlyForDeploymentPostprocessing = 0;
		};
		5F1C5F7F225DAB0E00683058 /* Frameworks */ = {
			isa = PBXFrameworksBuildPhase;
			buildActionMask = 2147483647;
			files = (
			);
			runOnlyForDeploymentPostprocessing = 0;
		};
/* End PBXFrameworksBuildPhase section */

/* Begin PBXGroup section */
		5F1C5F65225DAB0B00683058 = {
			isa = PBXGroup;
			children = (
				5F1C5F70225DAB0B00683058 /* NYT */,
				5F1C5F85225DAB0E00683058 /* NYTTests */,
				5F1C5F6F225DAB0B00683058 /* Products */,
			);
			sourceTree = "<group>";
		};
		5F1C5F6F225DAB0B00683058 /* Products */ = {
			isa = PBXGroup;
			children = (
				5F1C5F6E225DAB0B00683058 /* NYT.app */,
				5F1C5F82225DAB0E00683058 /* NYTTests.xctest */,
			);
			name = Products;
			sourceTree = "<group>";
		};
		5F1C5F70225DAB0B00683058 /* NYT */ = {
			isa = PBXGroup;
			children = (
				5F1C5F9B225DF65000683058 /* Utilities */,
				5F1C5F9A225DF64A00683058 /* API */,
				5F1C5F99225DF63D00683058 /* Models */,
				5F1C5F98225DF62E00683058 /* ViewModels */,
				5F1C5F97225DF61B00683058 /* Controllers */,
				5F1C5F71225DAB0B00683058 /* AppDelegate.swift */,
				5F1C5F75225DAB0B00683058 /* Main.storyboard */,
				5F1C5F78225DAB0D00683058 /* Assets.xcassets */,
				5F1C5F7A225DAB0D00683058 /* LaunchScreen.storyboard */,
				5F1C5F7D225DAB0D00683058 /* Info.plist */,
			);
			path = NYT;
			sourceTree = "<group>";
		};
		5F1C5F85225DAB0E00683058 /* NYTTests */ = {
			isa = PBXGroup;
			children = (
				5F1C5F86225DAB0E00683058 /* NYTTests.swift */,
				5F1C5F88225DAB0E00683058 /* Info.plist */,
			);
			path = NYTTests;
			sourceTree = "<group>";
		};
		5F1C5F97225DF61B00683058 /* Controllers */ = {
			isa = PBXGroup;
			children = (
				5F1C5F73225DAB0B00683058 /* LandingViewController.swift */,
				5F1C5FAA225ECECA00683058 /* ArticleListViewController.swift */,
				5F1C5FAE225EF1E900683058 /* SearchArticleViewController.swift */,
				5F1C5FB0225F05B500683058 /* SearchTableViewCell.swift */,
			);
			path = Controllers;
			sourceTree = "<group>";
		};
		5F1C5F98225DF62E00683058 /* ViewModels */ = {
			isa = PBXGroup;
			children = (
				5F1C5FAC225ED62D00683058 /* ArticleViewModel.swift */,
			);
			path = ViewModels;
			sourceTree = "<group>";
		};
		5F1C5F99225DF63D00683058 /* Models */ = {
			isa = PBXGroup;
			children = (
				5F1C5FA4225E000900683058 /* PopularArticlesModel.swift */,
				5F1C5FA6225E006F00683058 /* SearchArticlesModel.swift */,
			);
			path = Models;
			sourceTree = "<group>";
		};
		5F1C5F9A225DF64A00683058 /* API */ = {
			isa = PBXGroup;
			children = (
				5F1C5FA0225DF9D200683058 /* ApiManager.swift */,
				5F1C5FA8225E040700683058 /* AppConstants.swift */,
			);
			path = API;
			sourceTree = "<group>";
		};
		5F1C5F9B225DF65000683058 /* Utilities */ = {
			isa = PBXGroup;
			children = (
				5F1C5F9C225DF83100683058 /* NetworkReachability.swift */,
				5F1C5F9E225DF85600683058 /* Utility.swift */,
			);
			path = Utilities;
			sourceTree = "<group>";
		};
/* End PBXGroup section */

/* Begin PBXNativeTarget section */
		5F1C5F6D225DAB0B00683058 /* NYT */ = {
			isa = PBXNativeTarget;
			buildConfigurationList = 5F1C5F8B225DAB0E00683058 /* Build configuration list for PBXNativeTarget "NYT" */;
			buildPhases = (
				5F1C5F6A225DAB0B00683058 /* Sources */,
				5F1C5F6B225DAB0B00683058 /* Frameworks */,
				5F1C5F6C225DAB0B00683058 /* Resources */,
			);
			buildRules = (
			);
			dependencies = (
			);
			name = NYT;
			productName = NYT;
			productReference = 5F1C5F6E225DAB0B00683058 /* NYT.app */;
			productType = "com.apple.product-type.application";
		};
		5F1C5F81225DAB0E00683058 /* NYTTests */ = {
			isa = PBXNativeTarget;
			buildConfigurationList = 5F1C5F8E225DAB0E00683058 /* Build configuration list for PBXNativeTarget "NYTTests" */;
			buildPhases = (
				5F1C5F7E225DAB0E00683058 /* Sources */,
				5F1C5F7F225DAB0E00683058 /* Frameworks */,
				5F1C5F80225DAB0E00683058 /* Resources */,
			);
			buildRules = (
			);
			dependencies = (
				5F1C5F84225DAB0E00683058 /* PBXTargetDependency */,
			);
			name = NYTTests;
			productName = NYTTests;
			productReference = 5F1C5F82225DAB0E00683058 /* NYTTests.xctest */;
			productType = "com.apple.product-type.bundle.unit-test";
		};
/* End PBXNativeTarget section */

/* Begin PBXProject section */
		5F1C5F66225DAB0B00683058 /* Project object */ = {
			isa = PBXProject;
			attributes = {
				LastSwiftUpdateCheck = 1010;
				LastUpgradeCheck = 1010;
				ORGANIZATIONNAME = "Rahul Dange";
				TargetAttributes = {
					5F1C5F6D225DAB0B00683058 = {
						CreatedOnToolsVersion = 10.1;
					};
					5F1C5F81225DAB0E00683058 = {
						CreatedOnToolsVersion = 10.1;
						TestTargetID = 5F1C5F6D225DAB0B00683058;
					};
				};
			};
			buildConfigurationList = 5F1C5F69225DAB0B00683058 /* Build configuration list for PBXProject "NYT" */;
			compatibilityVersion = "Xcode 9.3";
			developmentRegion = en;
			hasScannedForEncodings = 0;
			knownRegions = (
				en,
				Base,
			);
			mainGroup = 5F1C5F65225DAB0B00683058;
			productRefGroup = 5F1C5F6F225DAB0B00683058 /* Products */;
			projectDirPath = "";
			projectRoot = "";
			targets = (
				5F1C5F6D225DAB0B00683058 /* NYT */,
				5F1C5F81225DAB0E00683058 /* NYTTests */,
			);
		};
/* End PBXProject section */

/* Begin PBXResourcesBuildPhase section */
		5F1C5F6C225DAB0B00683058 /* Resources */ = {
			isa = PBXResourcesBuildPhase;
			buildActionMask = 2147483647;
			files = (
				5F1C5F7C225DAB0D00683058 /* LaunchScreen.storyboard in Resources */,
				5F1C5F79225DAB0D00683058 /* Assets.xcassets in Resources */,
				5F1C5F77225DAB0B00683058 /* Main.storyboard in Resources */,
			);
			runOnlyForDeploymentPostprocessing = 0;
		};
		5F1C5F80225DAB0E00683058 /* Resources */ = {
			isa = PBXResourcesBuildPhase;
			buildActionMask = 2147483647;
			files = (
			);
			runOnlyForDeploymentPostprocessing = 0;
		};
/* End PBXResourcesBuildPhase section */

/* Begin PBXSourcesBuildPhase section */
		5F1C5F6A225DAB0B00683058 /* Sources */ = {
			isa = PBXSourcesBuildPhase;
			buildActionMask = 2147483647;
			files = (
				5F1C5FAF225EF1E900683058 /* SearchArticleViewController.swift in Sources */,
				5F1C5F74225DAB0B00683058 /* LandingViewController.swift in Sources */,
				5F1C5FA5225E000900683058 /* PopularArticlesModel.swift in Sources */,
				5F1C5FA7225E006F00683058 /* SearchArticlesModel.swift in Sources */,
				5F1C5FAD225ED62D00683058 /* ArticleViewModel.swift in Sources */,
				5F1C5FA9225E040700683058 /* AppConstants.swift in Sources */,
				5F1C5F72225DAB0B00683058 /* AppDelegate.swift in Sources */,
				5F1C5FA1225DF9D200683058 /* ApiManager.swift in Sources */,
				5F1C5FAB225ECECA00683058 /* ArticleListViewController.swift in Sources */,
				5F1C5FB1225F05B500683058 /* SearchTableViewCell.swift in Sources */,
				5F1C5F9D225DF83100683058 /* NetworkReachability.swift in Sources */,
				5F1C5F9F225DF85600683058 /* Utility.swift in Sources */,
			);
			runOnlyForDeploymentPostprocessing = 0;
		};
		5F1C5F7E225DAB0E00683058 /* Sources */ = {
			isa = PBXSourcesBuildPhase;
			buildActionMask = 2147483647;
			files = (
				5F1C5F87225DAB0E00683058 /* NYTTests.swift in Sources */,
			);
			runOnlyForDeploymentPostprocessing = 0;
		};
/* End PBXSourcesBuildPhase section */

/* Begin PBXTargetDependency section */
		5F1C5F84225DAB0E00683058 /* PBXTargetDependency */ = {
			isa = PBXTargetDependency;
			target = 5F1C5F6D225DAB0B00683058 /* NYT */;
			targetProxy = 5F1C5F83225DAB0E00683058 /* PBXContainerItemProxy */;
		};
/* End PBXTargetDependency section */

/* Begin PBXVariantGroup section */
		5F1C5F75225DAB0B00683058 /* Main.storyboard */ = {
			isa = PBXVariantGroup;
			children = (
				5F1C5F76225DAB0B00683058 /* Base */,
			);
			name = Main.storyboard;
			sourceTree = "<group>";
		};
		5F1C5F7A225DAB0D00683058 /* LaunchScreen.storyboard */ = {
			isa = PBXVariantGroup;
			children = (
				5F1C5F7B225DAB0D00683058 /* Base */,
			);
			name = LaunchScreen.storyboard;
			sourceTree = "<group>";
		};
/* End PBXVariantGroup section */

/* Begin XCBuildConfiguration section */
		5F1C5F89225DAB0E00683058 /* Debug */ = {
			isa = XCBuildConfiguration;
			buildSettings = {
				ALWAYS_SEARCH_USER_PATHS = NO;
				CLANG_ANALYZER_NONNULL = YES;
				CLANG_ANALYZER_NUMBER_OBJECT_CONVERSION = YES_AGGRESSIVE;
				CLANG_CXX_LANGUAGE_STANDARD = "gnu++14";
				CLANG_CXX_LIBRARY = "libc++";
				CLANG_ENABLE_MODULES = YES;
				CLANG_ENABLE_OBJC_ARC = YES;
				CLANG_ENABLE_OBJC_WEAK = YES;
				CLANG_WARN_BLOCK_CAPTURE_AUTORELEASING = YES;
				CLANG_WARN_BOOL_CONVERSION = YES;
				CLANG_WARN_COMMA = YES;
				CLANG_WARN_CONSTANT_CONVERSION = YES;
				CLANG_WARN_DEPRECATED_OBJC_IMPLEMENTATIONS = YES;
				CLANG_WARN_DIRECT_OBJC_ISA_USAGE = YES_ERROR;
				CLANG_WARN_DOCUMENTATION_COMMENTS = YES;
				CLANG_WARN_EMPTY_BODY = YES;
				CLANG_WARN_ENUM_CONVERSION = YES;
				CLANG_WARN_INFINITE_RECURSION = YES;
				CLANG_WARN_INT_CONVERSION = YES;
				CLANG_WARN_NON_LITERAL_NULL_CONVERSION = YES;
				CLANG_WARN_OBJC_IMPLICIT_RETAIN_SELF = YES;
				CLANG_WARN_OBJC_LITERAL_CONVERSION = YES;
				CLANG_WARN_OBJC_ROOT_CLASS = YES_ERROR;
				CLANG_WARN_RANGE_LOOP_ANALYSIS = YES;
				CLANG_WARN_STRICT_PROTOTYPES = YES;
				CLANG_WARN_SUSPICIOUS_MOVE = YES;
				CLANG_WARN_UNGUARDED_AVAILABILITY = YES_AGGRESSIVE;
				CLANG_WARN_UNREACHABLE_CODE = YES;
				CLANG_WARN__DUPLICATE_METHOD_MATCH = YES;
				CODE_SIGN_IDENTITY = "iPhone Developer";
				COPY_PHASE_STRIP = NO;
				DEBUG_INFORMATION_FORMAT = dwarf;
				ENABLE_STRICT_OBJC_MSGSEND = YES;
				ENABLE_TESTABILITY = YES;
				GCC_C_LANGUAGE_STANDARD = gnu11;
				GCC_DYNAMIC_NO_PIC = NO;
				GCC_NO_COMMON_BLOCKS = YES;
				GCC_OPTIMIZATION_LEVEL = 0;
				GCC_PREPROCESSOR_DEFINITIONS = (
					"DEBUG=1",
					"$(inherited)",
				);
				GCC_WARN_64_TO_32_BIT_CONVERSION = YES;
				GCC_WARN_ABOUT_RETURN_TYPE = YES_ERROR;
				GCC_WARN_UNDECLARED_SELECTOR = YES;
				GCC_WARN_UNINITIALIZED_AUTOS = YES_AGGRESSIVE;
				GCC_WARN_UNUSED_FUNCTION = YES;
				GCC_WARN_UNUSED_VARIABLE = YES;
				IPHONEOS_DEPLOYMENT_TARGET = 12.1;
				MTL_ENABLE_DEBUG_INFO = INCLUDE_SOURCE;
				MTL_FAST_MATH = YES;
				ONLY_ACTIVE_ARCH = YES;
				SDKROOT = iphoneos;
				SWIFT_ACTIVE_COMPILATION_CONDITIONS = DEBUG;
				SWIFT_OPTIMIZATION_LEVEL = "-Onone";
			};
			name = Debug;
		};
		5F1C5F8A225DAB0E00683058 /* Release */ = {
			isa = XCBuildConfiguration;
			buildSettings = {
				ALWAYS_SEARCH_USER_PATHS = NO;
				CLANG_ANALYZER_NONNULL = YES;
				CLANG_ANALYZER_NUMBER_OBJECT_CONVERSION = YES_AGGRESSIVE;
				CLANG_CXX_LANGUAGE_STANDARD = "gnu++14";
				CLANG_CXX_LIBRARY = "libc++";
				CLANG_ENABLE_MODULES = YES;
				CLANG_ENABLE_OBJC_ARC = YES;
				CLANG_ENABLE_OBJC_WEAK = YES;
				CLANG_WARN_BLOCK_CAPTURE_AUTORELEASING = YES;
				CLANG_WARN_BOOL_CONVERSION = YES;
				CLANG_WARN_COMMA = YES;
				CLANG_WARN_CONSTANT_CONVERSION = YES;
				CLANG_WARN_DEPRECATED_OBJC_IMPLEMENTATIONS = YES;
				CLANG_WARN_DIRECT_OBJC_ISA_USAGE = YES_ERROR;
				CLANG_WARN_DOCUMENTATION_COMMENTS = YES;
				CLANG_WARN_EMPTY_BODY = YES;
				CLANG_WARN_ENUM_CONVERSION = YES;
				CLANG_WARN_INFINITE_RECURSION = YES;
				CLANG_WARN_INT_CONVERSION = YES;
				CLANG_WARN_NON_LITERAL_NULL_CONVERSION = YES;
				CLANG_WARN_OBJC_IMPLICIT_RETAIN_SELF = YES;
				CLANG_WARN_OBJC_LITERAL_CONVERSION = YES;
				CLANG_WARN_OBJC_ROOT_CLASS = YES_ERROR;
				CLANG_WARN_RANGE_LOOP_ANALYSIS = YES;
				CLANG_WARN_STRICT_PROTOTYPES = YES;
				CLANG_WARN_SUSPICIOUS_MOVE = YES;
				CLANG_WARN_UNGUARDED_AVAILABILITY = YES_AGGRESSIVE;
				CLANG_WARN_UNREACHABLE_CODE = YES;
				CLANG_WARN__DUPLICATE_METHOD_MATCH = YES;
				CODE_SIGN_IDENTITY = "iPhone Developer";
				COPY_PHASE_STRIP = NO;
				DEBUG_INFORMATION_FORMAT = "dwarf-with-dsym";
				ENABLE_NS_ASSERTIONS = NO;
				ENABLE_STRICT_OBJC_MSGSEND = YES;
				GCC_C_LANGUAGE_STANDARD = gnu11;
				GCC_NO_COMMON_BLOCKS = YES;
				GCC_WARN_64_TO_32_BIT_CONVERSION = YES;
				GCC_WARN_ABOUT_RETURN_TYPE = YES_ERROR;
				GCC_WARN_UNDECLARED_SELECTOR = YES;
				GCC_WARN_UNINITIALIZED_AUTOS = YES_AGGRESSIVE;
				GCC_WARN_UNUSED_FUNCTION = YES;
				GCC_WARN_UNUSED_VARIABLE = YES;
				IPHONEOS_DEPLOYMENT_TARGET = 12.1;
				MTL_ENABLE_DEBUG_INFO = NO;
				MTL_FAST_MATH = YES;
				SDKROOT = iphoneos;
				SWIFT_COMPILATION_MODE = wholemodule;
				SWIFT_OPTIMIZATION_LEVEL = "-O";
				VALIDATE_PRODUCT = YES;
			};
			name = Release;
		};
		5F1C5F8C225DAB0E00683058 /* Debug */ = {
			isa = XCBuildConfiguration;
			buildSettings = {
				ASSETCATALOG_COMPILER_APPICON_NAME = AppIcon;
				CODE_SIGN_STYLE = Automatic;
				DEVELOPMENT_TEAM = 53XT5T6645;
				INFOPLIST_FILE = NYT/Info.plist;
				LD_RUNPATH_SEARCH_PATHS = (
					"$(inherited)",
					"@executable_path/Frameworks",
				);
				PRODUCT_BUNDLE_IDENTIFIER = com.rs.NYT;
				PRODUCT_NAME = "$(TARGET_NAME)";
				SWIFT_VERSION = 4.2;
				TARGETED_DEVICE_FAMILY = "1,2";
			};
			name = Debug;
		};
		5F1C5F8D225DAB0E00683058 /* Release */ = {
			isa = XCBuildConfiguration;
			buildSettings = {
				ASSETCATALOG_COMPILER_APPICON_NAME = AppIcon;
				CODE_SIGN_STYLE = Automatic;
				DEVELOPMENT_TEAM = 53XT5T6645;
				INFOPLIST_FILE = NYT/Info.plist;
				LD_RUNPATH_SEARCH_PATHS = (
					"$(inherited)",
					"@executable_path/Frameworks",
				);
				PRODUCT_BUNDLE_IDENTIFIER = com.rs.NYT;
				PRODUCT_NAME = "$(TARGET_NAME)";
				SWIFT_VERSION = 4.2;
				TARGETED_DEVICE_FAMILY = "1,2";
			};
			name = Release;
		};
		5F1C5F8F225DAB0E00683058 /* Debug */ = {
			isa = XCBuildConfiguration;
			buildSettings = {
				ALWAYS_EMBED_SWIFT_STANDARD_LIBRARIES = YES;
				BUNDLE_LOADER = "$(TEST_HOST)";
				CODE_SIGN_STYLE = Automatic;
				DEVELOPMENT_TEAM = 53XT5T6645;
				INFOPLIST_FILE = NYTTests/Info.plist;
				LD_RUNPATH_SEARCH_PATHS = (
					"$(inherited)",
					"@executable_path/Frameworks",
					"@loader_path/Frameworks",
				);
				PRODUCT_BUNDLE_IDENTIFIER = com.rs.NYTTests;
				PRODUCT_NAME = "$(TARGET_NAME)";
				SWIFT_VERSION = 4.2;
				TARGETED_DEVICE_FAMILY = "1,2";
				TEST_HOST = "$(BUILT_PRODUCTS_DIR)/NYT.app/NYT";
			};
			name = Debug;
		};
		5F1C5F90225DAB0E00683058 /* Release */ = {
			isa = XCBuildConfiguration;
			buildSettings = {
				ALWAYS_EMBED_SWIFT_STANDARD_LIBRARIES = YES;
				BUNDLE_LOADER = "$(TEST_HOST)";
				CODE_SIGN_STYLE = Automatic;
				DEVELOPMENT_TEAM = 53XT5T6645;
				INFOPLIST_FILE = NYTTests/Info.plist;
				LD_RUNPATH_SEARCH_PATHS = (
					"$(inherited)",
					"@executable_path/Frameworks",
					"@loader_path/Frameworks",
				);
				PRODUCT_BUNDLE_IDENTIFIER = com.rs.NYTTests;
				PRODUCT_NAME = "$(TARGET_NAME)";
				SWIFT_VERSION = 4.2;
				TARGETED_DEVICE_FAMILY = "1,2";
				TEST_HOST = "$(BUILT_PRODUCTS_DIR)/NYT.app/NYT";
			};
			name = Release;
		};
/* End XCBuildConfiguration section */

/* Begin XCConfigurationList section */
		5F1C5F69225DAB0B00683058 /* Build configuration list for PBXProject "NYT" */ = {
			isa = XCConfigurationList;
			buildConfigurations = (
				5F1C5F89225DAB0E00683058 /* Debug */,
				5F1C5F8A225DAB0E00683058 /* Release */,
			);
			defaultConfigurationIsVisible = 0;
			defaultConfigurationName = Release;
		};
		5F1C5F8B225DAB0E00683058 /* Build configuration list for PBXNativeTarget "NYT" */ = {
			isa = XCConfigurationList;
			buildConfigurations = (
				5F1C5F8C225DAB0E00683058 /* Debug */,
				5F1C5F8D225DAB0E00683058 /* Release */,
			);
			defaultConfigurationIsVisible = 0;
			defaultConfigurationName = Release;
		};
		5F1C5F8E225DAB0E00683058 /* Build configuration list for PBXNativeTarget "NYTTests" */ = {
			isa = XCConfigurationList;
			buildConfigurations = (
				5F1C5F8F225DAB0E00683058 /* Debug */,
				5F1C5F90225DAB0E00683058 /* Release */,
			);
			defaultConfigurationIsVisible = 0;
			defaultConfigurationName = Release;
		};
/* End XCConfigurationList section */
	};
	rootObject = 5F1C5F66225DAB0B00683058 /* Project object */;
}
